
Microsoft Visual Studio Solution File, Format Version 12.00
# Visual Studio 15
VisualStudioVersion = 15.0.28307.106
MinimumVisualStudioVersion = 10.0.40219.1
Project("{8BC9CEB8-8B4A-11D0-8D11-00A0C91BC942}") = "Structs_Classes", "Structs_Classes\Structs_Classes.vcxproj", "{8ADD1EB3-0C62-4D04-A300-EB126B098D68}"
EndProject
Global
	GlobalSection(SolutionConfigurationPlatforms) = preSolution
		Debug|x64 = Debug|x64
		Debug|x86 = Debug|x86
		Release|x64 = Release|x64
		Release|x86 = Release|x86
	EndGlobalSection
	GlobalSection(ProjectConfigurationPlatforms) = postSolution
		{8ADD1EB3-0C62-4D04-A300-EB126B098D68}.Debug|x64.ActiveCfg = Debug|x64
		{8ADD1EB3-0C62-4D04-A300-EB126B098D68}.Debug|x64.Build.0 = Debug|x64
		{8ADD1EB3-0C62-4D04-A300-EB126B098D68}.Debug|x86.ActiveCfg = Debug|Win32
		{8ADD1EB3-0C62-4D04-A300-EB126B098D68}.Debug|x86.Build.0 = Debug|Win32
		{8ADD1EB3-0C62-4D04-A300-EB126B098D68}.Release|x64.ActiveCfg = Release|x64
		{8ADD1EB3-0C62-4D04-A300-EB126B098D68}.Release|x64.Build.0 = Release|x64
		{8ADD1EB3-0C62-4D04-A300-EB126B098D68}.Release|x86.ActiveCfg = Release|Win32
		{8ADD1EB3-0C62-4D04-A300-EB126B098D68}.Release|x86.Build.0 = Release|Win32
	EndGlobalSection
	GlobalSection(SolutionProperties) = preSolution
		HideSolutionNode = FALSE
	EndGlobalSection
	GlobalSection(ExtensibilityGlobals) = postSolution
		SolutionGuid = {515DE40D-F83F-485F-BC10-5EE64B6E7AF8}
	EndGlobalSection
EndGlobal
